// !$*UTF8*$!
{
	archiveVersion = 1;
	classes = {
	};
	objectVersion = 77;
	objects = {

/* Begin PBXContainerItemProxy section */
		A9CADD292E6BF43D00FA6153 /* PBXContainerItemProxy */ = {
			isa = PBXContainerItemProxy;
			containerPortal = A9CADD132E6BF43B00FA6153 /* Project object */;
			proxyType = 1;
			remoteGlobalIDString = A9CADD1A2E6BF43B00FA6153;
			remoteInfo = "だと食べ";
		};
		A9CADD332E6BF43D00FA6153 /* PBXContainerItemProxy */ = {
			isa = PBXContainerItemProxy;
			containerPortal = A9CADD132E6BF43B00FA6153 /* Project object */;
			proxyType = 1;
			remoteGlobalIDString = A9CADD1A2E6BF43B00FA6153;
			remoteInfo = "だと食べ";
		};
/* End PBXContainerItemProxy section */

/* Begin PBXFileReference section */
		A9CADD1B2E6BF43B00FA6153 /* だと食べ.app */ = {isa = PBXFileReference; explicitFileType = wrapper.application; includeInIndex = 0; path = "だと食べ.app"; sourceTree = BUILT_PRODUCTS_DIR; };
		A9CADD282E6BF43D00FA6153 /* だと食べTests.xctest */ = {isa = PBXFileReference; explicitFileType = wrapper.cfbundle; includeInIndex = 0; path = "だと食べTests.xctest"; sourceTree = BUILT_PRODUCTS_DIR; };
		A9CADD322E6BF43D00FA6153 /* だと食べUITests.xctest */ = {isa = PBXFileReference; explicitFileType = wrapper.cfbundle; includeInIndex = 0; path = "だと食べUITests.xctest"; sourceTree = BUILT_PRODUCTS_DIR; };
/* End PBXFileReference section */

/* Begin PBXFileSystemSynchronizedRootGroup section */
		A9CADD1D2E6BF43B00FA6153 /* だと食べ */ = {
			isa = PBXFileSystemSynchronizedRootGroup;
			path = "だと食べ";
			sourceTree = "<group>";
		};
		A9CADD2B2E6BF43D00FA6153 /* だと食べTests */ = {
			isa = PBXFileSystemSynchronizedRootGroup;
			path = "だと食べTests";
			sourceTree = "<group>";
		};
		A9CADD352E6BF43D00FA6153 /* だと食べUITests */ = {
			isa = PBXFileSystemSynchronizedRootGroup;
			path = "だと食べUITests";
			sourceTree = "<group>";
		};
/* End PBXFileSystemSynchronizedRootGroup section */

/* Begin PBXFrameworksBuildPhase section */
		A9CADD182E6BF43B00FA6153 /* Frameworks */ = {
			isa = PBXFrameworksBuildPhase;
			buildActionMask = 2147483647;
			files = (
			);
			runOnlyForDeploymentPostprocessing = 0;
		};
		A9CADD252E6BF43D00FA6153 /* Frameworks */ = {
			isa = PBXFrameworksBuildPhase;
			buildActionMask = 2147483647;
			files = (
			);
			runOnlyForDeploymentPostprocessing = 0;
		};
		A9CADD2F2E6BF43D00FA6153 /* Frameworks */ = {
			isa = PBXFrameworksBuildPhase;
			buildActionMask = 2147483647;
			files = (
			);
			runOnlyForDeploymentPostprocessing = 0;
		};
/* End PBXFrameworksBuildPhase section */

/* Begin PBXGroup section */
		A9CADD122E6BF43B00FA6153 = {
			isa = PBXGroup;
			children = (
				A9CADD1D2E6BF43B00FA6153 /* だと食べ */,
				A9CADD2B2E6BF43D00FA6153 /* だと食べTests */,
				A9CADD352E6BF43D00FA6153 /* だと食べUITests */,
				A9CADD1C2E6BF43B00FA6153 /* Products */,
			);
			sourceTree = "<group>";
		};
		A9CADD1C2E6BF43B00FA6153 /* Products */ = {
			isa = PBXGroup;
			children = (
				A9CADD1B2E6BF43B00FA6153 /* だと食べ.app */,
				A9CADD282E6BF43D00FA6153 /* だと食べTests.xctest */,
				A9CADD322E6BF43D00FA6153 /* だと食べUITests.xctest */,
			);
			name = Products;
			sourceTree = "<group>";
		};
/* End PBXGroup section */

/* Begin PBXNativeTarget section */
		A9CADD1A2E6BF43B00FA6153 /* だと食べ */ = {
			isa = PBXNativeTarget;
			buildConfigurationList = A9CADD3C2E6BF43D00FA6153 /* Build configuration list for PBXNativeTarget "だと食べ" */;
			buildPhases = (
				A9CADD172E6BF43B00FA6153 /* Sources */,
				A9CADD182E6BF43B00FA6153 /* Frameworks */,
				A9CADD192E6BF43B00FA6153 /* Resources */,
			);
			buildRules = (
			);
			dependencies = (
			);
			fileSystemSynchronizedGroups = (
				A9CADD1D2E6BF43B00FA6153 /* だと食べ */,
			);
			name = "だと食べ";
			packageProductDependencies = (
			);
			productName = "だと食べ";
			productReference = A9CADD1B2E6BF43B00FA6153 /* だと食べ.app */;
			productType = "com.apple.product-type.application";
		};
		A9CADD272E6BF43D00FA6153 /* だと食べTests */ = {
			isa = PBXNativeTarget;
			buildConfigurationList = A9CADD3F2E6BF43D00FA6153 /* Build configuration list for PBXNativeTarget "だと食べTests" */;
			buildPhases = (
				A9CADD242E6BF43D00FA6153 /* Sources */,
				A9CADD252E6BF43D00FA6153 /* Frameworks */,
				A9CADD262E6BF43D00FA6153 /* Resources */,
			);
			buildRules = (
			);
			dependencies = (
				A9CADD2A2E6BF43D00FA6153 /* PBXTargetDependency */,
			);
			fileSystemSynchronizedGroups = (
				A9CADD2B2E6BF43D00FA6153 /* だと食べTests */,
			);
			name = "だと食べTests";
			packageProductDependencies = (
			);
			productName = "だと食べTests";
			productReference = A9CADD282E6BF43D00FA6153 /* だと食べTests.xctest */;
			productType = "com.apple.product-type.bundle.unit-test";
		};
		A9CADD312E6BF43D00FA6153 /* だと食べUITests */ = {
			isa = PBXNativeTarget;
			buildConfigurationList = A9CADD422E6BF43D00FA6153 /* Build configuration list for PBXNativeTarget "だと食べUITests" */;
			buildPhases = (
				A9CADD2E2E6BF43D00FA6153 /* Sources */,
				A9CADD2F2E6BF43D00FA6153 /* Frameworks */,
				A9CADD302E6BF43D00FA6153 /* Resources */,
			);
			buildRules = (
			);
			dependencies = (
				A9CADD342E6BF43D00FA6153 /* PBXTargetDependency */,
			);
			fileSystemSynchronizedGroups = (
				A9CADD352E6BF43D00FA6153 /* だと食べUITests */,
			);
			name = "だと食べUITests";
			packageProductDependencies = (
			);
			productName = "だと食べUITests";
			productReference = A9CADD322E6BF43D00FA6153 /* だと食べUITests.xctest */;
			productType = "com.apple.product-type.bundle.ui-testing";
		};
/* End PBXNativeTarget section */

/* Begin PBXProject section */
		A9CADD132E6BF43B00FA6153 /* Project object */ = {
			isa = PBXProject;
			attributes = {
				BuildIndependentTargetsInParallel = 1;
				LastSwiftUpdateCheck = 1640;
				LastUpgradeCheck = 1640;
				TargetAttributes = {
					A9CADD1A2E6BF43B00FA6153 = {
						CreatedOnToolsVersion = 16.4;
					};
					A9CADD272E6BF43D00FA6153 = {
						CreatedOnToolsVersion = 16.4;
						TestTargetID = A9CADD1A2E6BF43B00FA6153;
					};
					A9CADD312E6BF43D00FA6153 = {
						CreatedOnToolsVersion = 16.4;
						TestTargetID = A9CADD1A2E6BF43B00FA6153;
					};
				};
			};
			buildConfigurationList = A9CADD162E6BF43B00FA6153 /* Build configuration list for PBXProject "だと食べ" */;
			developmentRegion = en;
			hasScannedForEncodings = 0;
			knownRegions = (
				en,
				Base,
			);
			mainGroup = A9CADD122E6BF43B00FA6153;
			minimizedProjectReferenceProxies = 1;
			preferredProjectObjectVersion = 77;
			productRefGroup = A9CADD1C2E6BF43B00FA6153 /* Products */;
			projectDirPath = "";
			projectRoot = "";
			targets = (
				A9CADD1A2E6BF43B00FA6153 /* だと食べ */,
				A9CADD272E6BF43D00FA6153 /* だと食べTests */,
				A9CADD312E6BF43D00FA6153 /* だと食べUITests */,
			);
		};
/* End PBXProject section */

/* Begin PBXResourcesBuildPhase section */
		A9CADD192E6BF43B00FA6153 /* Resources */ = {
			isa = PBXResourcesBuildPhase;
			buildActionMask = 2147483647;
			files = (
			);
			runOnlyForDeploymentPostprocessing = 0;
		};
		A9CADD262E6BF43D00FA6153 /* Resources */ = {
			isa = PBXResourcesBuildPhase;
			buildActionMask = 2147483647;
			files = (
			);
			runOnlyForDeploymentPostprocessing = 0;
		};
		A9CADD302E6BF43D00FA6153 /* Resources */ = {
			isa = PBXResourcesBuildPhase;
			buildActionMask = 2147483647;
			files = (
			);
			runOnlyForDeploymentPostprocessing = 0;
		};
/* End PBXResourcesBuildPhase section */

/* Begin PBXSourcesBuildPhase section */
		A9CADD172E6BF43B00FA6153 /* Sources */ = {
			isa = PBXSourcesBuildPhase;
			buildActionMask = 2147483647;
			files = (
			);
			runOnlyForDeploymentPostprocessing = 0;
		};
		A9CADD242E6BF43D00FA6153 /* Sources */ = {
			isa = PBXSourcesBuildPhase;
			buildActionMask = 2147483647;
			files = (
			);
			runOnlyForDeploymentPostprocessing = 0;
		};
		A9CADD2E2E6BF43D00FA6153 /* Sources */ = {
			isa = PBXSourcesBuildPhase;
			buildActionMask = 2147483647;
			files = (
			);
			runOnlyForDeploymentPostprocessing = 0;
		};
/* End PBXSourcesBuildPhase section */

/* Begin PBXTargetDependency section */
		A9CADD2A2E6BF43D00FA6153 /* PBXTargetDependency */ = {
			isa = PBXTargetDependency;
			target = A9CADD1A2E6BF43B00FA6153 /* だと食べ */;
			targetProxy = A9CADD292E6BF43D00FA6153 /* PBXContainerItemProxy */;
		};
		A9CADD342E6BF43D00FA6153 /* PBXTargetDependency */ = {
			isa = PBXTargetDependency;
			target = A9CADD1A2E6BF43B00FA6153 /* だと食べ */;
			targetProxy = A9CADD332E6BF43D00FA6153 /* PBXContainerItemProxy */;
		};
/* End PBXTargetDependency section */

/* Begin XCBuildConfiguration section */
		A9CADD3A2E6BF43D00FA6153 /* Debug */ = {
			isa = XCBuildConfiguration;
			buildSettings = {
				ALWAYS_SEARCH_USER_PATHS = NO;
				ASSETCATALOG_COMPILER_GENERATE_SWIFT_ASSET_SYMBOL_EXTENSIONS = YES;
				CLANG_ANALYZER_NONNULL = YES;
				CLANG_ANALYZER_NUMBER_OBJECT_CONVERSION = YES_AGGRESSIVE;
				CLANG_CXX_LANGUAGE_STANDARD = "gnu++20";
				CLANG_ENABLE_MODULES = YES;
				CLANG_ENABLE_OBJC_ARC = YES;
				CLANG_ENABLE_OBJC_WEAK = YES;
				CLANG_WARN_BLOCK_CAPTURE_AUTORELEASING = YES;
				CLANG_WARN_BOOL_CONVERSION = YES;
				CLANG_WARN_COMMA = YES;
				CLANG_WARN_CONSTANT_CONVERSION = YES;
				CLANG_WARN_DEPRECATED_OBJC_IMPLEMENTATIONS = YES;
				CLANG_WARN_DIRECT_OBJC_ISA_USAGE = YES_ERROR;
				CLANG_WARN_DOCUMENTATION_COMMENTS = YES;
				CLANG_WARN_EMPTY_BODY = YES;
				CLANG_WARN_ENUM_CONVERSION = YES;
				CLANG_WARN_INFINITE_RECURSION = YES;
				CLANG_WARN_INT_CONVERSION = YES;
				CLANG_WARN_NON_LITERAL_NULL_CONVERSION = YES;
				CLANG_WARN_OBJC_IMPLICIT_RETAIN_SELF = YES;
				CLANG_WARN_OBJC_LITERAL_CONVERSION = YES;
				CLANG_WARN_OBJC_ROOT_CLASS = YES_ERROR;
				CLANG_WARN_QUOTED_INCLUDE_IN_FRAMEWORK_HEADER = YES;
				CLANG_WARN_RANGE_LOOP_ANALYSIS = YES;
				CLANG_WARN_STRICT_PROTOTYPES = YES;
				CLANG_WARN_SUSPICIOUS_MOVE = YES;
				CLANG_WARN_UNGUARDED_AVAILABILITY = YES_AGGRESSIVE;
				CLANG_WARN_UNREACHABLE_CODE = YES;
				CLANG_WARN__DUPLICATE_METHOD_MATCH = YES;
				COPY_PHASE_STRIP = NO;
				DEBUG_INFORMATION_FORMAT = dwarf;
				ENABLE_STRICT_OBJC_MSGSEND = YES;
				ENABLE_TESTABILITY = YES;
				ENABLE_USER_SCRIPT_SANDBOXING = YES;
				GCC_C_LANGUAGE_STANDARD = gnu17;
				GCC_DYNAMIC_NO_PIC = NO;
				GCC_NO_COMMON_BLOCKS = YES;
				GCC_OPTIMIZATION_LEVEL = 0;
				GCC_PREPROCESSOR_DEFINITIONS = (
					"DEBUG=1",
					"$(inherited)",
				);
				GCC_WARN_64_TO_32_BIT_CONVERSION = YES;
				GCC_WARN_ABOUT_RETURN_TYPE = YES_ERROR;
				GCC_WARN_UNDECLARED_SELECTOR = YES;
				GCC_WARN_UNINITIALIZED_AUTOS = YES_AGGRESSIVE;
				GCC_WARN_UNUSED_FUNCTION = YES;
				GCC_WARN_UNUSED_VARIABLE = YES;
				IPHONEOS_DEPLOYMENT_TARGET = 18.5;
				LOCALIZATION_PREFERS_STRING_CATALOGS = YES;
				MTL_ENABLE_DEBUG_INFO = INCLUDE_SOURCE;
				MTL_FAST_MATH = YES;
				ONLY_ACTIVE_ARCH = YES;
				SDKROOT = iphoneos;
				SWIFT_ACTIVE_COMPILATION_CONDITIONS = "DEBUG $(inherited)";
				SWIFT_OPTIMIZATION_LEVEL = "-Onone";
			};
			name = Debug;
		};
		A9CADD3B2E6BF43D00FA6153 /* Release */ = {
			isa = XCBuildConfiguration;
			buildSettings = {
				ALWAYS_SEARCH_USER_PATHS = NO;
				ASSETCATALOG_COMPILER_GENERATE_SWIFT_ASSET_SYMBOL_EXTENSIONS = YES;
				CLANG_ANALYZER_NONNULL = YES;
				CLANG_ANALYZER_NUMBER_OBJECT_CONVERSION = YES_AGGRESSIVE;
				CLANG_CXX_LANGUAGE_STANDARD = "gnu++20";
				CLANG_ENABLE_MODULES = YES;
				CLANG_ENABLE_OBJC_ARC = YES;
				CLANG_ENABLE_OBJC_WEAK = YES;
				CLANG_WARN_BLOCK_CAPTURE_AUTORELEASING = YES;
				CLANG_WARN_BOOL_CONVERSION = YES;
				CLANG_WARN_COMMA = YES;
				CLANG_WARN_CONSTANT_CONVERSION = YES;
				CLANG_WARN_DEPRECATED_OBJC_IMPLEMENTATIONS = YES;
				CLANG_WARN_DIRECT_OBJC_ISA_USAGE = YES_ERROR;
				CLANG_WARN_DOCUMENTATION_COMMENTS = YES;
				CLANG_WARN_EMPTY_BODY = YES;
				CLANG_WARN_ENUM_CONVERSION = YES;
				CLANG_WARN_INFINITE_RECURSION = YES;
				CLANG_WARN_INT_CONVERSION = YES;
				CLANG_WARN_NON_LITERAL_NULL_CONVERSION = YES;
				CLANG_WARN_OBJC_IMPLICIT_RETAIN_SELF = YES;
				CLANG_WARN_OBJC_LITERAL_CONVERSION = YES;
				CLANG_WARN_OBJC_ROOT_CLASS = YES_ERROR;
				CLANG_WARN_QUOTED_INCLUDE_IN_FRAMEWORK_HEADER = YES;
				CLANG_WARN_RANGE_LOOP_ANALYSIS = YES;
				CLANG_WARN_STRICT_PROTOTYPES = YES;
				CLANG_WARN_SUSPICIOUS_MOVE = YES;
				CLANG_WARN_UNGUARDED_AVAILABILITY = YES_AGGRESSIVE;
				CLANG_WARN_UNREACHABLE_CODE = YES;
				CLANG_WARN__DUPLICATE_METHOD_MATCH = YES;
				COPY_PHASE_STRIP = NO;
				DEBUG_INFORMATION_FORMAT = "dwarf-with-dsym";
				ENABLE_NS_ASSERTIONS = NO;
				ENABLE_STRICT_OBJC_MSGSEND = YES;
				ENABLE_USER_SCRIPT_SANDBOXING = YES;
				GCC_C_LANGUAGE_STANDARD = gnu17;
				GCC_NO_COMMON_BLOCKS = YES;
				GCC_WARN_64_TO_32_BIT_CONVERSION = YES;
				GCC_WARN_ABOUT_RETURN_TYPE = YES_ERROR;
				GCC_WARN_UNDECLARED_SELECTOR = YES;
				GCC_WARN_UNINITIALIZED_AUTOS = YES_AGGRESSIVE;
				GCC_WARN_UNUSED_FUNCTION = YES;
				GCC_WARN_UNUSED_VARIABLE = YES;
				IPHONEOS_DEPLOYMENT_TARGET = 18.5;
				LOCALIZATION_PREFERS_STRING_CATALOGS = YES;
				MTL_ENABLE_DEBUG_INFO = NO;
				MTL_FAST_MATH = YES;
				SDKROOT = iphoneos;
				SWIFT_COMPILATION_MODE = wholemodule;
				VALIDATE_PRODUCT = YES;
			};
			name = Release;
		};
		A9CADD3D2E6BF43D00FA6153 /* Debug */ = {
			isa = XCBuildConfiguration;
			buildSettings = {
				ASSETCATALOG_COMPILER_APPICON_NAME = AppIcon;
				ASSETCATALOG_COMPILER_GLOBAL_ACCENT_COLOR_NAME = AccentColor;
				CODE_SIGN_STYLE = Automatic;
				CURRENT_PROJECT_VERSION = 1;
				ENABLE_PREVIEWS = YES;
				GENERATE_INFOPLIST_FILE = YES;
				INFOPLIST_KEY_UIApplicationSceneManifest_Generation = YES;
				INFOPLIST_KEY_UIApplicationSupportsIndirectInputEvents = YES;
				INFOPLIST_KEY_UILaunchScreen_Generation = YES;
				INFOPLIST_KEY_UISupportedInterfaceOrientations_iPad = "UIInterfaceOrientationPortrait UIInterfaceOrientationPortraitUpsideDown UIInterfaceOrientationLandscapeLeft UIInterfaceOrientationLandscapeRight";
				INFOPLIST_KEY_UISupportedInterfaceOrientations_iPhone = "UIInterfaceOrientationPortrait UIInterfaceOrientationLandscapeLeft UIInterfaceOrientationLandscapeRight";
				LD_RUNPATH_SEARCH_PATHS = (
					"$(inherited)",
					"@executable_path/Frameworks",
				);
				MARKETING_VERSION = 1.0;
				PRODUCT_BUNDLE_IDENTIFIER = "com.oyamada.------";
				PRODUCT_NAME = "$(TARGET_NAME)";
				SWIFT_EMIT_LOC_STRINGS = YES;
				SWIFT_VERSION = 5.0;
				TARGETED_DEVICE_FAMILY = "1,2";
			};
			name = Debug;
		};
		A9CADD3E2E6BF43D00FA6153 /* Release */ = {
			isa = XCBuildConfiguration;
			buildSettings = {
				ASSETCATALOG_COMPILER_APPICON_NAME = AppIcon;
				ASSETCATALOG_COMPILER_GLOBAL_ACCENT_COLOR_NAME = AccentColor;
				CODE_SIGN_STYLE = Automatic;
				CURRENT_PROJECT_VERSION = 1;
				ENABLE_PREVIEWS = YES;
				GENERATE_INFOPLIST_FILE = YES;
				INFOPLIST_KEY_UIApplicationSceneManifest_Generation = YES;
				INFOPLIST_KEY_UIApplicationSupportsIndirectInputEvents = YES;
				INFOPLIST_KEY_UILaunchScreen_Generation = YES;
				INFOPLIST_KEY_UISupportedInterfaceOrientations_iPad = "UIInterfaceOrientationPortrait UIInterfaceOrientationPortraitUpsideDown UIInterfaceOrientationLandscapeLeft UIInterfaceOrientationLandscapeRight";
				INFOPLIST_KEY_UISupportedInterfaceOrientations_iPhone = "UIInterfaceOrientationPortrait UIInterfaceOrientationLandscapeLeft UIInterfaceOrientationLandscapeRight";
				LD_RUNPATH_SEARCH_PATHS = (
					"$(inherited)",
					"@executable_path/Frameworks",
				);
				MARKETING_VERSION = 1.0;
				PRODUCT_BUNDLE_IDENTIFIER = "com.oyamada.------";
				PRODUCT_NAME = "$(TARGET_NAME)";
				SWIFT_EMIT_LOC_STRINGS = YES;
				SWIFT_VERSION = 5.0;
				TARGETED_DEVICE_FAMILY = "1,2";
			};
			name = Release;
		};
		A9CADD402E6BF43D00FA6153 /* Debug */ = {
			isa = XCBuildConfiguration;
			buildSettings = {
				BUNDLE_LOADER = "$(TEST_HOST)";
				CODE_SIGN_STYLE = Automatic;
				CURRENT_PROJECT_VERSION = 1;
				GENERATE_INFOPLIST_FILE = YES;
				IPHONEOS_DEPLOYMENT_TARGET = 18.5;
				MARKETING_VERSION = 1.0;
				PRODUCT_BUNDLE_IDENTIFIER = "com.oyamada.------Tests";
				PRODUCT_NAME = "$(TARGET_NAME)";
				SWIFT_EMIT_LOC_STRINGS = NO;
				SWIFT_VERSION = 5.0;
				TARGETED_DEVICE_FAMILY = "1,2";
				TEST_HOST = "$(BUILT_PRODUCTS_DIR)/だと食べ.app/$(BUNDLE_EXECUTABLE_FOLDER_PATH)/だと食べ";
			};
			name = Debug;
		};
		A9CADD412E6BF43D00FA6153 /* Release */ = {
			isa = XCBuildConfiguration;
			buildSettings = {
				BUNDLE_LOADER = "$(TEST_HOST)";
				CODE_SIGN_STYLE = Automatic;
				CURRENT_PROJECT_VERSION = 1;
				GENERATE_INFOPLIST_FILE = YES;
				IPHONEOS_DEPLOYMENT_TARGET = 18.5;
				MARKETING_VERSION = 1.0;
				PRODUCT_BUNDLE_IDENTIFIER = "com.oyamada.------Tests";
				PRODUCT_NAME = "$(TARGET_NAME)";
				SWIFT_EMIT_LOC_STRINGS = NO;
				SWIFT_VERSION = 5.0;
				TARGETED_DEVICE_FAMILY = "1,2";
				TEST_HOST = "$(BUILT_PRODUCTS_DIR)/だと食べ.app/$(BUNDLE_EXECUTABLE_FOLDER_PATH)/だと食べ";
			};
			name = Release;
		};
		A9CADD432E6BF43D00FA6153 /* Debug */ = {
			isa = XCBuildConfiguration;
			buildSettings = {
				CODE_SIGN_STYLE = Automatic;
				CURRENT_PROJECT_VERSION = 1;
				GENERATE_INFOPLIST_FILE = YES;
				MARKETING_VERSION = 1.0;
				PRODUCT_BUNDLE_IDENTIFIER = "com.oyamada.------UITests";
				PRODUCT_NAME = "$(TARGET_NAME)";
				SWIFT_EMIT_LOC_STRINGS = NO;
				SWIFT_VERSION = 5.0;
				TARGETED_DEVICE_FAMILY = "1,2";
				TEST_TARGET_NAME = "だと食べ";
			};
			name = Debug;
		};
		A9CADD442E6BF43D00FA6153 /* Release */ = {
			isa = XCBuildConfiguration;
			buildSettings = {
				CODE_SIGN_STYLE = Automatic;
				CURRENT_PROJECT_VERSION = 1;
				GENERATE_INFOPLIST_FILE = YES;
				MARKETING_VERSION = 1.0;
				PRODUCT_BUNDLE_IDENTIFIER = "com.oyamada.------UITests";
				PRODUCT_NAME = "$(TARGET_NAME)";
				SWIFT_EMIT_LOC_STRINGS = NO;
				SWIFT_VERSION = 5.0;
				TARGETED_DEVICE_FAMILY = "1,2";
				TEST_TARGET_NAME = "だと食べ";
			};
			name = Release;
		};
/* End XCBuildConfiguration section */

/* Begin XCConfigurationList section */
		A9CADD162E6BF43B00FA6153 /* Build configuration list for PBXProject "だと食べ" */ = {
			isa = XCConfigurationList;
			buildConfigurations = (
				A9CADD3A2E6BF43D00FA6153 /* Debug */,
				A9CADD3B2E6BF43D00FA6153 /* Release */,
			);
			defaultConfigurationIsVisible = 0;
			defaultConfigurationName = Release;
		};
		A9CADD3C2E6BF43D00FA6153 /* Build configuration list for PBXNativeTarget "だと食べ" */ = {
			isa = XCConfigurationList;
			buildConfigurations = (
				A9CADD3D2E6BF43D00FA6153 /* Debug */,
				A9CADD3E2E6BF43D00FA6153 /* Release */,
			);
			defaultConfigurationIsVisible = 0;
			defaultConfigurationName = Release;
		};
		A9CADD3F2E6BF43D00FA6153 /* Build configuration list for PBXNativeTarget "だと食べTests" */ = {
			isa = XCConfigurationList;
			buildConfigurations = (
				A9CADD402E6BF43D00FA6153 /* Debug */,
				A9CADD412E6BF43D00FA6153 /* Release */,
			);
			defaultConfigurationIsVisible = 0;
			defaultConfigurationName = Release;
		};
		A9CADD422E6BF43D00FA6153 /* Build configuration list for PBXNativeTarget "だと食べUITests" */ = {
			isa = XCConfigurationList;
			buildConfigurations = (
				A9CADD432E6BF43D00FA6153 /* Debug */,
				A9CADD442E6BF43D00FA6153 /* Release */,
			);
			defaultConfigurationIsVisible = 0;
			defaultConfigurationName = Release;
		};
/* End XCConfigurationList section */
	};
	rootObject = A9CADD132E6BF43B00FA6153 /* Project object */;
}
